
Microsoft Visual Studio Solution File, Format Version 12.00
# Visual Studio 15
VisualStudioVersion = 15.0.27703.2018
MinimumVisualStudioVersion = 10.0.40219.1
Project("{FAE04EC0-301F-11D3-BF4B-00C04F79EFBC}") = "R.I.M. UI Shell", "R.I.M. UI Shell\R.I.M. UI Shell.csproj", "{D18775A1-898F-4B9D-9FD5-1371FD7BBA03}"
EndProject
Global
	GlobalSection(SolutionConfigurationPlatforms) = preSolution
		Debug|Any CPU = Debug|Any CPU
		Release|Any CPU = Release|Any CPU
	EndGlobalSection
	GlobalSection(ProjectConfigurationPlatforms) = postSolution
		{D18775A1-898F-4B9D-9FD5-1371FD7BBA03}.Debug|Any CPU.ActiveCfg = Debug|Any CPU
		{D18775A1-898F-4B9D-9FD5-1371FD7BBA03}.Debug|Any CPU.Build.0 = Debug|Any CPU
		{D18775A1-898F-4B9D-9FD5-1371FD7BBA03}.Release|Any CPU.ActiveCfg = Release|Any CPU
		{D18775A1-898F-4B9D-9FD5-1371FD7BBA03}.Release|Any CPU.Build.0 = Release|Any CPU
	EndGlobalSection
	GlobalSection(SolutionProperties) = preSolution
		HideSolutionNode = FALSE
	EndGlobalSection
	GlobalSection(ExtensibilityGlobals) = postSolution
		SolutionGuid = {B4908ACD-2E42-44C0-9DDE-721936F67FBC}
	EndGlobalSection
EndGlobal
